// !$*UTF8*$!
{
	archiveVersion = 1;
	classes = {
	};
	objectVersion = 46;
	objects = {

/* Begin PBXBuildFile section */
		3F9286D2BD3D8579998A16CF /* Pods_LLRxSwift.framework in Frameworks */ = {isa = PBXBuildFile; fileRef = 236E95FDEDE5981A011A9C8A /* Pods_LLRxSwift.framework */; };
		D253A2C81F1B537E0053D405 /* RxSwiftUITableViewVC.swift in Sources */ = {isa = PBXBuildFile; fileRef = D253A2C71F1B537E0053D405 /* RxSwiftUITableViewVC.swift */; };
		D2BB3C2D1F0B2717008234C0 /* AppDelegate.swift in Sources */ = {isa = PBXBuildFile; fileRef = D2BB3C2C1F0B2717008234C0 /* AppDelegate.swift */; };
		D2BB3C2F1F0B2717008234C0 /* ViewController.swift in Sources */ = {isa = PBXBuildFile; fileRef = D2BB3C2E1F0B2717008234C0 /* ViewController.swift */; };
		D2BB3C321F0B2717008234C0 /* Main.storyboard in Resources */ = {isa = PBXBuildFile; fileRef = D2BB3C301F0B2717008234C0 /* Main.storyboard */; };
		D2BB3C341F0B2717008234C0 /* Assets.xcassets in Resources */ = {isa = PBXBuildFile; fileRef = D2BB3C331F0B2717008234C0 /* Assets.xcassets */; };
		D2BB3C371F0B2717008234C0 /* LaunchScreen.storyboard in Resources */ = {isa = PBXBuildFile; fileRef = D2BB3C351F0B2717008234C0 /* LaunchScreen.storyboard */; };
		D2E407EF1F1BA41C008B844F /* RxModel.swift in Sources */ = {isa = PBXBuildFile; fileRef = D2E407EE1F1BA41C008B844F /* RxModel.swift */; };
		D2E407F11F1BA79B008B844F /* RxViewModel.swift in Sources */ = {isa = PBXBuildFile; fileRef = D2E407F01F1BA79B008B844F /* RxViewModel.swift */; };
/* End PBXBuildFile section */

/* Begin PBXFileReference section */
		236E95FDEDE5981A011A9C8A /* Pods_LLRxSwift.framework */ = {isa = PBXFileReference; explicitFileType = wrapper.framework; includeInIndex = 0; path = Pods_LLRxSwift.framework; sourceTree = BUILT_PRODUCTS_DIR; };
		2DBD5F69E90839141AFE93EE /* Pods-LLRxSwift.release.xcconfig */ = {isa = PBXFileReference; includeInIndex = 1; lastKnownFileType = text.xcconfig; name = "Pods-LLRxSwift.release.xcconfig"; path = "Pods/Target Support Files/Pods-LLRxSwift/Pods-LLRxSwift.release.xcconfig"; sourceTree = "<group>"; };
		D253A2C71F1B537E0053D405 /* RxSwiftUITableViewVC.swift */ = {isa = PBXFileReference; fileEncoding = 4; lastKnownFileType = sourcecode.swift; path = RxSwiftUITableViewVC.swift; sourceTree = "<group>"; };
		D2BB3C291F0B2717008234C0 /* LLRxSwift.app */ = {isa = PBXFileReference; explicitFileType = wrapper.application; includeInIndex = 0; path = LLRxSwift.app; sourceTree = BUILT_PRODUCTS_DIR; };
		D2BB3C2C1F0B2717008234C0 /* AppDelegate.swift */ = {isa = PBXFileReference; lastKnownFileType = sourcecode.swift; path = AppDelegate.swift; sourceTree = "<group>"; };
		D2BB3C2E1F0B2717008234C0 /* ViewController.swift */ = {isa = PBXFileReference; lastKnownFileType = sourcecode.swift; path = ViewController.swift; sourceTree = "<group>"; };
		D2BB3C311F0B2717008234C0 /* Base */ = {isa = PBXFileReference; lastKnownFileType = file.storyboard; name = Base; path = Base.lproj/Main.storyboard; sourceTree = "<group>"; };
		D2BB3C331F0B2717008234C0 /* Assets.xcassets */ = {isa = PBXFileReference; lastKnownFileType = folder.assetcatalog; path = Assets.xcassets; sourceTree = "<group>"; };
		D2BB3C361F0B2717008234C0 /* Base */ = {isa = PBXFileReference; lastKnownFileType = file.storyboard; name = Base; path = Base.lproj/LaunchScreen.storyboard; sourceTree = "<group>"; };
		D2BB3C381F0B2717008234C0 /* Info.plist */ = {isa = PBXFileReference; lastKnownFileType = text.plist.xml; path = Info.plist; sourceTree = "<group>"; };
		D2E407EE1F1BA41C008B844F /* RxModel.swift */ = {isa = PBXFileReference; fileEncoding = 4; lastKnownFileType = sourcecode.swift; path = RxModel.swift; sourceTree = "<group>"; };
		D2E407F01F1BA79B008B844F /* RxViewModel.swift */ = {isa = PBXFileReference; fileEncoding = 4; lastKnownFileType = sourcecode.swift; path = RxViewModel.swift; sourceTree = "<group>"; };
		FC586765AC2F46B96AB4D585 /* Pods-LLRxSwift.debug.xcconfig */ = {isa = PBXFileReference; includeInIndex = 1; lastKnownFileType = text.xcconfig; name = "Pods-LLRxSwift.debug.xcconfig"; path = "Pods/Target Support Files/Pods-LLRxSwift/Pods-LLRxSwift.debug.xcconfig"; sourceTree = "<group>"; };
/* End PBXFileReference section */

/* Begin PBXFrameworksBuildPhase section */
		D2BB3C261F0B2717008234C0 /* Frameworks */ = {
			isa = PBXFrameworksBuildPhase;
			buildActionMask = 2147483647;
			files = (
				3F9286D2BD3D8579998A16CF /* Pods_LLRxSwift.framework in Frameworks */,
			);
			runOnlyForDeploymentPostprocessing = 0;
		};
/* End PBXFrameworksBuildPhase section */

/* Begin PBXGroup section */
		798986EDDE7BEBE1F02557DD /* Frameworks */ = {
			isa = PBXGroup;
			children = (
				236E95FDEDE5981A011A9C8A /* Pods_LLRxSwift.framework */,
			);
			name = Frameworks;
			sourceTree = "<group>";
		};
		A34BFB6BD83CB03B6BAAC02A /* Pods */ = {
			isa = PBXGroup;
			children = (
				FC586765AC2F46B96AB4D585 /* Pods-LLRxSwift.debug.xcconfig */,
				2DBD5F69E90839141AFE93EE /* Pods-LLRxSwift.release.xcconfig */,
			);
			name = Pods;
			sourceTree = "<group>";
		};
		D2BB3C201F0B2717008234C0 = {
			isa = PBXGroup;
			children = (
				D2BB3C2B1F0B2717008234C0 /* LLRxSwift */,
				D2BB3C2A1F0B2717008234C0 /* Products */,
				A34BFB6BD83CB03B6BAAC02A /* Pods */,
				798986EDDE7BEBE1F02557DD /* Frameworks */,
			);
			sourceTree = "<group>";
		};
		D2BB3C2A1F0B2717008234C0 /* Products */ = {
			isa = PBXGroup;
			children = (
				D2BB3C291F0B2717008234C0 /* LLRxSwift.app */,
			);
			name = Products;
			sourceTree = "<group>";
		};
		D2BB3C2B1F0B2717008234C0 /* LLRxSwift */ = {
			isa = PBXGroup;
			children = (
				D2BB3C2C1F0B2717008234C0 /* AppDelegate.swift */,
				D2BB3C2E1F0B2717008234C0 /* ViewController.swift */,
				D253A2C71F1B537E0053D405 /* RxSwiftUITableViewVC.swift */,
				D2E407EE1F1BA41C008B844F /* RxModel.swift */,
				D2E407F01F1BA79B008B844F /* RxViewModel.swift */,
				D2BB3C301F0B2717008234C0 /* Main.storyboard */,
				D2BB3C331F0B2717008234C0 /* Assets.xcassets */,
				D2BB3C351F0B2717008234C0 /* LaunchScreen.storyboard */,
				D2BB3C381F0B2717008234C0 /* Info.plist */,
			);
			path = LLRxSwift;
			sourceTree = "<group>";
		};
/* End PBXGroup section */

/* Begin PBXNativeTarget section */
		D2BB3C281F0B2717008234C0 /* LLRxSwift */ = {
			isa = PBXNativeTarget;
			buildConfigurationList = D2BB3C3B1F0B2717008234C0 /* Build configuration list for PBXNativeTarget "LLRxSwift" */;
			buildPhases = (
				85C9B685881D616B35D17976 /* [CP] Check Pods Manifest.lock */,
				D2BB3C251F0B2717008234C0 /* Sources */,
				D2BB3C261F0B2717008234C0 /* Frameworks */,
				D2BB3C271F0B2717008234C0 /* Resources */,
				B44D39A212EC5B4C4EAADDF4 /* [CP] Embed Pods Frameworks */,
				B642E4D76E9AE45353EA91C9 /* [CP] Copy Pods Resources */,
			);
			buildRules = (
			);
			dependencies = (
			);
			name = LLRxSwift;
			productName = LLRxSwift;
			productReference = D2BB3C291F0B2717008234C0 /* LLRxSwift.app */;
			productType = "com.apple.product-type.application";
		};
/* End PBXNativeTarget section */

/* Begin PBXProject section */
		D2BB3C211F0B2717008234C0 /* Project object */ = {
			isa = PBXProject;
			attributes = {
				LastSwiftUpdateCheck = 0830;
				LastUpgradeCheck = 0830;
				ORGANIZATIONNAME = liushaohua;
				TargetAttributes = {
					D2BB3C281F0B2717008234C0 = {
						CreatedOnToolsVersion = 8.3.3;
						ProvisioningStyle = Automatic;
					};
				};
			};
			buildConfigurationList = D2BB3C241F0B2717008234C0 /* Build configuration list for PBXProject "LLRxSwift" */;
			compatibilityVersion = "Xcode 3.2";
			developmentRegion = English;
			hasScannedForEncodings = 0;
			knownRegions = (
				en,
				Base,
			);
			mainGroup = D2BB3C201F0B2717008234C0;
			productRefGroup = D2BB3C2A1F0B2717008234C0 /* Products */;
			projectDirPath = "";
			projectRoot = "";
			targets = (
				D2BB3C281F0B2717008234C0 /* LLRxSwift */,
			);
		};
/* End PBXProject section */

/* Begin PBXResourcesBuildPhase section */
		D2BB3C271F0B2717008234C0 /* Resources */ = {
			isa = PBXResourcesBuildPhase;
			buildActionMask = 2147483647;
			files = (
				D2BB3C371F0B2717008234C0 /* LaunchScreen.storyboard in Resources */,
				D2BB3C341F0B2717008234C0 /* Assets.xcassets in Resources */,
				D2BB3C321F0B2717008234C0 /* Main.storyboard in Resources */,
			);
			runOnlyForDeploymentPostprocessing = 0;
		};
/* End PBXResourcesBuildPhase section */

/* Begin PBXShellScriptBuildPhase section */
		85C9B685881D616B35D17976 /* [CP] Check Pods Manifest.lock */ = {
			isa = PBXShellScriptBuildPhase;
			buildActionMask = 2147483647;
			files = (
			);
			inputPaths = (
			);
			name = "[CP] Check Pods Manifest.lock";
			outputPaths = (
			);
			runOnlyForDeploymentPostprocessing = 0;
			shellPath = /bin/sh;
			shellScript = "diff \"${PODS_PODFILE_DIR_PATH}/Podfile.lock\" \"${PODS_ROOT}/Manifest.lock\" > /dev/null\nif [ $? != 0 ] ; then\n    # print error to STDERR\n    echo \"error: The sandbox is not in sync with the Podfile.lock. Run 'pod install' or update your CocoaPods installation.\" >&2\n    exit 1\nfi\n";
			showEnvVarsInLog = 0;
		};
		B44D39A212EC5B4C4EAADDF4 /* [CP] Embed Pods Frameworks */ = {
			isa = PBXShellScriptBuildPhase;
			buildActionMask = 2147483647;
			files = (
			);
			inputPaths = (
			);
			name = "[CP] Embed Pods Frameworks";
			outputPaths = (
			);
			runOnlyForDeploymentPostprocessing = 0;
			shellPath = /bin/sh;
			shellScript = "\"${SRCROOT}/Pods/Target Support Files/Pods-LLRxSwift/Pods-LLRxSwift-frameworks.sh\"\n";
			showEnvVarsInLog = 0;
		};
		B642E4D76E9AE45353EA91C9 /* [CP] Copy Pods Resources */ = {
			isa = PBXShellScriptBuildPhase;
			buildActionMask = 2147483647;
			files = (
			);
			inputPaths = (
			);
			name = "[CP] Copy Pods Resources";
			outputPaths = (
			);
			runOnlyForDeploymentPostprocessing = 0;
			shellPath = /bin/sh;
			shellScript = "\"${SRCROOT}/Pods/Target Support Files/Pods-LLRxSwift/Pods-LLRxSwift-resources.sh\"\n";
			showEnvVarsInLog = 0;
		};
/* End PBXShellScriptBuildPhase section */

/* Begin PBXSourcesBuildPhase section */
		D2BB3C251F0B2717008234C0 /* Sources */ = {
			isa = PBXSourcesBuildPhase;
			buildActionMask = 2147483647;
			files = (
				D2BB3C2F1F0B2717008234C0 /* ViewController.swift in Sources */,
				D2E407F11F1BA79B008B844F /* RxViewModel.swift in Sources */,
				D2BB3C2D1F0B2717008234C0 /* AppDelegate.swift in Sources */,
				D253A2C81F1B537E0053D405 /* RxSwiftUITableViewVC.swift in Sources */,
				D2E407EF1F1BA41C008B844F /* RxModel.swift in Sources */,
			);
			runOnlyForDeploymentPostprocessing = 0;
		};
/* End PBXSourcesBuildPhase section */

/* Begin PBXVariantGroup section */
		D2BB3C301F0B2717008234C0 /* Main.storyboard */ = {
			isa = PBXVariantGroup;
			children = (
				D2BB3C311F0B2717008234C0 /* Base */,
			);
			name = Main.storyboard;
			sourceTree = "<group>";
		};
		D2BB3C351F0B2717008234C0 /* LaunchScreen.storyboard */ = {
			isa = PBXVariantGroup;
			children = (
				D2BB3C361F0B2717008234C0 /* Base */,
			);
			name = LaunchScreen.storyboard;
			sourceTree = "<group>";
		};
/* End PBXVariantGroup section */

/* Begin XCBuildConfiguration section */
		D2BB3C391F0B2717008234C0 /* Debug */ = {
			isa = XCBuildConfiguration;
			buildSettings = {
				ALWAYS_SEARCH_USER_PATHS = NO;
				CLANG_ANALYZER_NONNULL = YES;
				CLANG_ANALYZER_NUMBER_OBJECT_CONVERSION = YES_AGGRESSIVE;
				CLANG_CXX_LANGUAGE_STANDARD = "gnu++0x";
				CLANG_CXX_LIBRARY = "libc++";
				CLANG_ENABLE_MODULES = YES;
				CLANG_ENABLE_OBJC_ARC = YES;
				CLANG_WARN_BOOL_CONVERSION = YES;
				CLANG_WARN_CONSTANT_CONVERSION = YES;
				CLANG_WARN_DIRECT_OBJC_ISA_USAGE = YES_ERROR;
				CLANG_WARN_DOCUMENTATION_COMMENTS = YES;
				CLANG_WARN_EMPTY_BODY = YES;
				CLANG_WARN_ENUM_CONVERSION = YES;
				CLANG_WARN_INFINITE_RECURSION = YES;
				CLANG_WARN_INT_CONVERSION = YES;
				CLANG_WARN_OBJC_ROOT_CLASS = YES_ERROR;
				CLANG_WARN_SUSPICIOUS_MOVE = YES;
				CLANG_WARN_UNREACHABLE_CODE = YES;
				CLANG_WARN__DUPLICATE_METHOD_MATCH = YES;
				"CODE_SIGN_IDENTITY[sdk=iphoneos*]" = "iPhone Developer";
				COPY_PHASE_STRIP = NO;
				DEBUG_INFORMATION_FORMAT = dwarf;
				ENABLE_STRICT_OBJC_MSGSEND = YES;
				ENABLE_TESTABILITY = YES;
				GCC_C_LANGUAGE_STANDARD = gnu99;
				GCC_DYNAMIC_NO_PIC = NO;
				GCC_NO_COMMON_BLOCKS = YES;
				GCC_OPTIMIZATION_LEVEL = 0;
				GCC_PREPROCESSOR_DEFINITIONS = (
					"DEBUG=1",
					"$(inherited)",
				);
				GCC_WARN_64_TO_32_BIT_CONVERSION = YES;
				GCC_WARN_ABOUT_RETURN_TYPE = YES_ERROR;
				GCC_WARN_UNDECLARED_SELECTOR = YES;
				GCC_WARN_UNINITIALIZED_AUTOS = YES_AGGRESSIVE;
				GCC_WARN_UNUSED_FUNCTION = YES;
				GCC_WARN_UNUSED_VARIABLE = YES;
				IPHONEOS_DEPLOYMENT_TARGET = 10.3;
				MTL_ENABLE_DEBUG_INFO = YES;
				ONLY_ACTIVE_ARCH = YES;
				SDKROOT = iphoneos;
				SWIFT_ACTIVE_COMPILATION_CONDITIONS = DEBUG;
				SWIFT_OPTIMIZATION_LEVEL = "-Onone";
			};
			name = Debug;
		};
		D2BB3C3A1F0B2717008234C0 /* Release */ = {
			isa = XCBuildConfiguration;
			buildSettings = {
				ALWAYS_SEARCH_USER_PATHS = NO;
				CLANG_ANALYZER_NONNULL = YES;
				CLANG_ANALYZER_NUMBER_OBJECT_CONVERSION = YES_AGGRESSIVE;
				CLANG_CXX_LANGUAGE_STANDARD = "gnu++0x";
				CLANG_CXX_LIBRARY = "libc++";
				CLANG_ENABLE_MODULES = YES;
				CLANG_ENABLE_OBJC_ARC = YES;
				CLANG_WARN_BOOL_CONVERSION = YES;
				CLANG_WARN_CONSTANT_CONVERSION = YES;
				CLANG_WARN_DIRECT_OBJC_ISA_USAGE = YES_ERROR;
				CLANG_WARN_DOCUMENTATION_COMMENTS = YES;
				CLANG_WARN_EMPTY_BODY = YES;
				CLANG_WARN_ENUM_CONVERSION = YES;
				CLANG_WARN_INFINITE_RECURSION = YES;
				CLANG_WARN_INT_CONVERSION = YES;
				CLANG_WARN_OBJC_ROOT_CLASS = YES_ERROR;
				CLANG_WARN_SUSPICIOUS_MOVE = YES;
				CLANG_WARN_UNREACHABLE_CODE = YES;
				CLANG_WARN__DUPLICATE_METHOD_MATCH = YES;
				"CODE_SIGN_IDENTITY[sdk=iphoneos*]" = "iPhone Developer";
				COPY_PHASE_STRIP = NO;
				DEBUG_INFORMATION_FORMAT = "dwarf-with-dsym";
				ENABLE_NS_ASSERTIONS = NO;
				ENABLE_STRICT_OBJC_MSGSEND = YES;
				GCC_C_LANGUAGE_STANDARD = gnu99;
				GCC_NO_COMMON_BLOCKS = YES;
				GCC_WARN_64_TO_32_BIT_CONVERSION = YES;
				GCC_WARN_ABOUT_RETURN_TYPE = YES_ERROR;
				GCC_WARN_UNDECLARED_SELECTOR = YES;
				GCC_WARN_UNINITIALIZED_AUTOS = YES_AGGRESSIVE;
				GCC_WARN_UNUSED_FUNCTION = YES;
				GCC_WARN_UNUSED_VARIABLE = YES;
				IPHONEOS_DEPLOYMENT_TARGET = 10.3;
				MTL_ENABLE_DEBUG_INFO = NO;
				SDKROOT = iphoneos;
				SWIFT_OPTIMIZATION_LEVEL = "-Owholemodule";
				VALIDATE_PRODUCT = YES;
			};
			name = Release;
		};
		D2BB3C3C1F0B2717008234C0 /* Debug */ = {
			isa = XCBuildConfiguration;
			baseConfigurationReference = FC586765AC2F46B96AB4D585 /* Pods-LLRxSwift.debug.xcconfig */;
			buildSettings = {
				ASSETCATALOG_COMPILER_APPICON_NAME = AppIcon;
				INFOPLIST_FILE = LLRxSwift/Info.plist;
				LD_RUNPATH_SEARCH_PATHS = "$(inherited) @executable_path/Frameworks";
				PRODUCT_BUNDLE_IDENTIFIER = liushaohua.LLRxSwift;
				PRODUCT_NAME = "$(TARGET_NAME)";
				SWIFT_VERSION = 3.0;
			};
			name = Debug;
		};
		D2BB3C3D1F0B2717008234C0 /* Release */ = {
			isa = XCBuildConfiguration;
			baseConfigurationReference = 2DBD5F69E90839141AFE93EE /* Pods-LLRxSwift.release.xcconfig */;
			buildSettings = {
				ASSETCATALOG_COMPILER_APPICON_NAME = AppIcon;
				INFOPLIST_FILE = LLRxSwift/Info.plist;
				LD_RUNPATH_SEARCH_PATHS = "$(inherited) @executable_path/Frameworks";
				PRODUCT_BUNDLE_IDENTIFIER = liushaohua.LLRxSwift;
				PRODUCT_NAME = "$(TARGET_NAME)";
				SWIFT_VERSION = 3.0;
			};
			name = Release;
		};
/* End XCBuildConfiguration section */

/* Begin XCConfigurationList section */
		D2BB3C241F0B2717008234C0 /* Build configuration list for PBXProject "LLRxSwift" */ = {
			isa = XCConfigurationList;
			buildConfigurations = (
				D2BB3C391F0B2717008234C0 /* Debug */,
				D2BB3C3A1F0B2717008234C0 /* Release */,
			);
			defaultConfigurationIsVisible = 0;
			defaultConfigurationName = Release;
		};
		D2BB3C3B1F0B2717008234C0 /* Build configuration list for PBXNativeTarget "LLRxSwift" */ = {
			isa = XCConfigurationList;
			buildConfigurations = (
				D2BB3C3C1F0B2717008234C0 /* Debug */,
				D2BB3C3D1F0B2717008234C0 /* Release */,
			);
			defaultConfigurationIsVisible = 0;
			defaultConfigurationName = Release;
		};
/* End XCConfigurationList section */
	};
	rootObject = D2BB3C211F0B2717008234C0 /* Project object */;
}
